
Microsoft Visual Studio Solution File, Format Version 12.00
# Visual Studio Version 17
VisualStudioVersion = 17.0.31903.59
MinimumVisualStudioVersion = 10.0.40219.1
Project("{2150E333-8FDC-42A3-9474-1A3956D46DE8}") = "tests", "tests", "{CFBF3CA3-0E3E-4468-ABD5-BF55B95F7D8B}"
EndProject
Project("{FAE04EC0-301F-11D3-BF4B-00C04F79EFBC}") = "DownloadWatcher.UnitTests", "tests\DownloadWatcher.UnitTests\DownloadWatcher.UnitTests.csproj", "{2A16850A-91B2-4594-9C7C-022968153C8A}"
EndProject
Project("{2150E333-8FDC-42A3-9474-1A3956D46DE8}") = "src", "src", "{4ADBEAC9-0900-42EE-974B-39B92E8A32E0}"
EndProject
Project("{FAE04EC0-301F-11D3-BF4B-00C04F79EFBC}") = "DownloadWatcher.Core", "src\DownloadWatcher.Core\DownloadWatcher.Core.csproj", "{677B3E9F-2585-47BA-8DDC-F0367FD54B53}"
EndProject
Project("{FAE04EC0-301F-11D3-BF4B-00C04F79EFBC}") = "DownloadWatcher.Application", "src\DownloadWatcher.Application\DownloadWatcher.Application.csproj", "{1636F437-F53E-4667-8930-91B3FCDA6806}"
EndProject
Project("{FAE04EC0-301F-11D3-BF4B-00C04F79EFBC}") = "DownloadWatcher.Console", "src\DownloadWatcher.Console\DownloadWatcher.Console.csproj", "{0D02C861-B150-45C9-A84B-D843071C71F9}"
EndProject
Global
	GlobalSection(SolutionConfigurationPlatforms) = preSolution
		Debug|Any CPU = Debug|Any CPU
		Release|Any CPU = Release|Any CPU
	EndGlobalSection
	GlobalSection(ProjectConfigurationPlatforms) = postSolution
		{2A16850A-91B2-4594-9C7C-022968153C8A}.Debug|Any CPU.ActiveCfg = Debug|Any CPU
		{2A16850A-91B2-4594-9C7C-022968153C8A}.Debug|Any CPU.Build.0 = Debug|Any CPU
		{2A16850A-91B2-4594-9C7C-022968153C8A}.Release|Any CPU.ActiveCfg = Release|Any CPU
		{2A16850A-91B2-4594-9C7C-022968153C8A}.Release|Any CPU.Build.0 = Release|Any CPU
		{677B3E9F-2585-47BA-8DDC-F0367FD54B53}.Debug|Any CPU.ActiveCfg = Debug|Any CPU
		{677B3E9F-2585-47BA-8DDC-F0367FD54B53}.Debug|Any CPU.Build.0 = Debug|Any CPU
		{677B3E9F-2585-47BA-8DDC-F0367FD54B53}.Release|Any CPU.ActiveCfg = Release|Any CPU
		{677B3E9F-2585-47BA-8DDC-F0367FD54B53}.Release|Any CPU.Build.0 = Release|Any CPU
		{1636F437-F53E-4667-8930-91B3FCDA6806}.Debug|Any CPU.ActiveCfg = Debug|Any CPU
		{1636F437-F53E-4667-8930-91B3FCDA6806}.Debug|Any CPU.Build.0 = Debug|Any CPU
		{1636F437-F53E-4667-8930-91B3FCDA6806}.Release|Any CPU.ActiveCfg = Release|Any CPU
		{1636F437-F53E-4667-8930-91B3FCDA6806}.Release|Any CPU.Build.0 = Release|Any CPU
		{0D02C861-B150-45C9-A84B-D843071C71F9}.Debug|Any CPU.ActiveCfg = Debug|Any CPU
		{0D02C861-B150-45C9-A84B-D843071C71F9}.Debug|Any CPU.Build.0 = Debug|Any CPU
		{0D02C861-B150-45C9-A84B-D843071C71F9}.Release|Any CPU.ActiveCfg = Release|Any CPU
		{0D02C861-B150-45C9-A84B-D843071C71F9}.Release|Any CPU.Build.0 = Release|Any CPU
	EndGlobalSection
	GlobalSection(SolutionProperties) = preSolution
		HideSolutionNode = FALSE
	EndGlobalSection
	GlobalSection(NestedProjects) = preSolution
		{2A16850A-91B2-4594-9C7C-022968153C8A} = {CFBF3CA3-0E3E-4468-ABD5-BF55B95F7D8B}
		{677B3E9F-2585-47BA-8DDC-F0367FD54B53} = {4ADBEAC9-0900-42EE-974B-39B92E8A32E0}
		{1636F437-F53E-4667-8930-91B3FCDA6806} = {4ADBEAC9-0900-42EE-974B-39B92E8A32E0}
		{0D02C861-B150-45C9-A84B-D843071C71F9} = {4ADBEAC9-0900-42EE-974B-39B92E8A32E0}
	EndGlobalSection
EndGlobal
